
Microsoft Visual Studio Solution File, Format Version 12.00
# Visual Studio 2013
VisualStudioVersion = 12.0.31101.0
MinimumVisualStudioVersion = 10.0.40219.1
Project("{FAE04EC0-301F-11D3-BF4B-00C04F79EFBC}") = "Français Helper V2", "Français Helper V2\Français Helper V2.csproj", "{85399307-F30F-4BA8-A09C-EA7E5B50FE4D}"
EndProject
Project("{2150E333-8FDC-42A3-9474-1A3956D46DE8}") = "Solution Items", "Solution Items", "{28A9B69A-170B-4424-B5EC-10CD5102B607}"
	ProjectSection(SolutionItems) = preProject
		NO-CONFORMIDADES-FrançaiseHelper.txt = NO-CONFORMIDADES-FrançaiseHelper.txt
	EndProjectSection
EndProject
Global
	GlobalSection(SolutionConfigurationPlatforms) = preSolution
		Debug|Any CPU = Debug|Any CPU
		Release|Any CPU = Release|Any CPU
	EndGlobalSection
	GlobalSection(ProjectConfigurationPlatforms) = postSolution
		{85399307-F30F-4BA8-A09C-EA7E5B50FE4D}.Debug|Any CPU.ActiveCfg = Debug|Any CPU
		{85399307-F30F-4BA8-A09C-EA7E5B50FE4D}.Debug|Any CPU.Build.0 = Debug|Any CPU
		{85399307-F30F-4BA8-A09C-EA7E5B50FE4D}.Release|Any CPU.ActiveCfg = Release|Any CPU
		{85399307-F30F-4BA8-A09C-EA7E5B50FE4D}.Release|Any CPU.Build.0 = Release|Any CPU
	EndGlobalSection
	GlobalSection(SolutionProperties) = preSolution
		HideSolutionNode = FALSE
	EndGlobalSection
EndGlobal
